version: 7
platforms:
- name: linux-64
  virtual-packages:
  - __unix=0=0
  - __linux=4.18
  - __glibc=2.28
  - __archspec=0=x86_64
environments:
  default:
    channels:
    - url: https://conda.anaconda.org/conda-forge/
    indexes:
    - https://pypi.org/simple
    packages:
      linux-64:
      - conda: https://conda.anaconda.org/conda-forge/linux-64/_openmp_mutex-4.5-20_gnu.conda
      - conda: https://conda.anaconda.org/conda-forge/linux-64/bzip2-1.0.8-hda65f42_9.conda
      - conda: https://conda.anaconda.org/conda-forge/linux-64/ld_impl_linux-64-2.45.1-default_hbd61a6d_102.conda
      - conda: https://conda.anaconda.org/conda-forge/linux-64/libexpat-2.8.1-hecca717_1.conda
      - conda: https://conda.anaconda.org/conda-forge/linux-64/libffi-3.5.2-h3435931_0.conda
      - conda: https://conda.anaconda.org/conda-forge/linux-64/libgcc-15.2.0-he0feb66_19.conda
      - conda: https://conda.anaconda.org/conda-forge/linux-64/libgomp-15.2.0-he0feb66_19.conda
      - conda: https://conda.anaconda.org/conda-forge/linux-64/liblzma-5.8.3-hb03c661_0.conda
      - conda: https://conda.anaconda.org/conda-forge/linux-64/libmpdec-4.0.0-hb03c661_1.conda
      - conda: https://conda.anaconda.org/conda-forge/linux-64/libsqlite-3.53.2-h0c1763c_0.conda
      - conda: https://conda.anaconda.org/conda-forge/linux-64/libuuid-2.42.2-h5347b49_0.conda
      - conda: https://conda.anaconda.org/conda-forge/linux-64/libzlib-1.3.2-h25fd6f3_2.conda
      - conda: https://conda.anaconda.org/conda-forge/linux-64/ncurses-6.6-hdb14827_0.conda
      - conda: https://conda.anaconda.org/conda-forge/linux-64/openssl-3.6.3-h35e630c_0.conda
      - conda: https://conda.anaconda.org/conda-forge/linux-64/python-3.14.6-habeac84_100_cp314.conda
      - conda: https://conda.anaconda.org/conda-forge/linux-64/readline-8.3-h853b02a_0.conda
      - conda: https://conda.anaconda.org/conda-forge/linux-64/tk-8.6.13-noxft_h366c992_103.conda
      - conda: https://conda.anaconda.org/conda-forge/linux-64/zstd-1.5.7-hb78ec9c_6.conda
      - conda: https://conda.anaconda.org/conda-forge/noarch/ca-certificates-2026.6.17-hbd8a1cb_0.conda
      - conda: https://conda.anaconda.org/conda-forge/noarch/python_abi-3.14-8_cp314.conda
      - conda: https://conda.anaconda.org/conda-forge/noarch/tzdata-2025c-hc9c84f9_1.conda
      - pypi: https://files.pythonhosted.org/packages/1e/5e/d4e9f1a599fb8e573b7b87160658329fbf28d19eac2718f51fc3def3aa5a/idna-3.18-py3-none-any.whl
      - pypi: https://files.pythonhosted.org/packages/1f/fd/ac2161cce19fd67a18c269073f8e86292b5511acec6f8ef6eab88615d032/pykwalify-1.8.0-py2.py3-none-any.whl
      - pypi: https://files.pythonhosted.org/packages/23/88/0acd180010aaed4987c85700b7cc17f9505f3edb4e5873e4dc67f613e338/pyrsistent-0.20.0-py3-none-any.whl
      - pypi: https://files.pythonhosted.org/packages/42/ae/28c3d933b4343f61cc5d63748b53746e5d73b1f66c88e7a93477f22b8909/cffconvert-2.0.0-py3-none-any.whl
      - pypi: https://files.pythonhosted.org/packages/47/5c/032c2d5a07fe4d4855fea851209cca2b6f03ebeb6d4e3afdb3358386a684/charset_normalizer-3.4.7-cp314-cp314-manylinux2014_x86_64.manylinux_2_17_x86_64.manylinux_2_28_x86_64.whl
      - pypi: https://files.pythonhosted.org/packages/48/ca/36339329c4604adbcc99c899b7eb1ce1a555c499b6a6860757dc9bfed36d/narwhals-2.22.1-py3-none-any.whl
      - pypi: https://files.pythonhosted.org/packages/58/3b/1cdec6772bdbaf7b25dab360c59f03cadf05492dd724c6540af905389b07/pandas-3.0.3-cp314-cp314-manylinux_2_24_x86_64.manylinux_2_28_x86_64.whl
      - pypi: https://files.pythonhosted.org/packages/64/b4/17d4b0b2a2dc85a6df63d1157e028ed19f90d4cd97c36717afef2bc2f395/attrs-26.1.0-py3-none-any.whl
      - pypi: https://files.pythonhosted.org/packages/7f/3e/5db95bcf282c52709639744ca2a8b149baccf648e39c8cc87553df9eae0c/urllib3-2.7.0-py3-none-any.whl
      - pypi: https://files.pythonhosted.org/packages/7f/c4/bc41eb19b0fd0db868f4132920879019318d80cc522ad8f2bca4611af808/scipy-1.18.0-cp314-cp314-manylinux_2_27_x86_64.manylinux_2_28_x86_64.whl
      - pypi: https://files.pythonhosted.org/packages/9d/76/f789f7a86709c6b087c5a2f52f911838cad707cc613162401badc665acfe/setuptools-82.0.1-py3-none-any.whl
      - pypi: https://files.pythonhosted.org/packages/a0/5e/2a902317d7fc4aa93236e80c932662dadfc459b323d758329e01775125e1/numpy-2.5.0-cp314-cp314-manylinux_2_27_x86_64.manylinux_2_28_x86_64.whl
      - pypi: https://files.pythonhosted.org/packages/a0/f4/c67b0b3f1b9245e8d266f0f112c500d50e5b4e83cb6f3b71b6528104182a/requests-2.34.2-py3-none-any.whl
      - pypi: https://files.pythonhosted.org/packages/a2/55/8f8cab2afd404cf578136ef2cc5dfb50baa1761b68c9da1fb1e4eed343c9/docopt-0.6.2.tar.gz
      - pypi: https://files.pythonhosted.org/packages/ad/22/eb6ae7468ba673fcb891ff3142e13ffa18f6a43183e6dd8f224b2b4321d3/itables-2.8.1-py3-none-any.whl
      - pypi: https://files.pythonhosted.org/packages/b7/ce/149a00dd41f10bc29e5921b496af8b574d8413afcd5e30dfa0ed46c2cc5e/six-1.17.0-py2.py3-none-any.whl
      - pypi: https://files.pythonhosted.org/packages/b8/0c/51f6841f1d84f404f92463fc2b1ba0da357ca1e3db6b7fbda26956c3b82a/ruamel_yaml-0.19.1-py3-none-any.whl
      - pypi: https://files.pythonhosted.org/packages/c5/8f/51e89ce52a085483359217bc72cdbf6e75ee595d5b1d4b5ade40c7e018b8/jsonschema-3.2.0-py2.py3-none-any.whl
      - pypi: https://files.pythonhosted.org/packages/df/b2/87e62e8c3e2f4b32e5fe99e0b86d576da1312593b39f47d8ceef365e95ed/packaging-26.2-py3-none-any.whl
      - pypi: https://files.pythonhosted.org/packages/ec/57/56b9bcc3c9c6a792fcbaf139543cee77261f3651ca9da0c93f5c1221264b/python_dateutil-2.9.0.post0-py2.py3-none-any.whl
      - pypi: https://files.pythonhosted.org/packages/ef/2f/c5464532e965badff2f4c4c1a3a83f5697f0d7c407ed0cda44aaa99bb451/certifi-2026.6.17-py3-none-any.whl
      - pypi: https://files.pythonhosted.org/packages/f9/14/abe5ce876ab5b66ee3c691bf537fcd43d037aea55d447aacf74630a8f31e/plotly-6.8.0-py3-none-any.whl
      - pypi: https://files.pythonhosted.org/packages/fb/e2/79c688af8b210d232694e31e59da9f6ec747bae31c3f5946e4e9b98860d5/click-8.4.2-py3-none-any.whl
packages:
- conda: https://conda.anaconda.org/conda-forge/linux-64/_openmp_mutex-4.5-20_gnu.conda
  build_number: 20
  sha256: 1dd3fffd892081df9726d7eb7e0dea6198962ba775bd88842135a4ddb4deb3c9
  md5: a9f577daf3de00bca7c3c76c0ecbd1de
  depends:
  - __glibc >=2.17,<3.0.a0
  - libgomp >=7.5.0
  constrains:
  - openmp_impl <0.0a0
  license: BSD-3-Clause
  license_family: BSD
  purls: []
  run_exports:
    strong:
    - _openmp_mutex >=4.5
  size: 28948
  timestamp: 1770939786096
- conda: https://conda.anaconda.org/conda-forge/linux-64/bzip2-1.0.8-hda65f42_9.conda
  sha256: 0b75d45f0bba3e95dc693336fa51f40ea28c980131fec438afb7ce6118ed05f6
  md5: d2ffd7602c02f2b316fd921d39876885
  depends:
  - __glibc >=2.17,<3.0.a0
  - libgcc >=14
  license: bzip2-1.0.6
  license_family: BSD
  purls: []
  run_exports:
    weak:
    - bzip2 >=1.0.8,<2.0a0
  size: 260182
  timestamp: 1771350215188
- conda: https://conda.anaconda.org/conda-forge/linux-64/ld_impl_linux-64-2.45.1-default_hbd61a6d_102.conda
  sha256: 3d584956604909ff5df353767f3a2a2f60e07d070b328d109f30ac40cd62df6c
  md5: 18335a698559cdbcd86150a48bf54ba6
  depends:
  - __glibc >=2.17,<3.0.a0
  - zstd >=1.5.7,<1.6.0a0
  constrains:
  - binutils_impl_linux-64 2.45.1
  license: GPL-3.0-only
  license_family: GPL
  purls: []
  run_exports: {}
  size: 728002
  timestamp: 1774197446916
- conda: https://conda.anaconda.org/conda-forge/linux-64/libexpat-2.8.1-hecca717_1.conda
  sha256: 16feffd9ddbbe5b718515d38ee376c685ba95491cd901244e24671d20b952a77
  md5: b24d3c612f71e7aa74158d92106318b2
  depends:
  - __glibc >=2.17,<3.0.a0
  - libgcc >=14
  constrains:
  - expat 2.8.1.*
  license: MIT
  license_family: MIT
  purls: []
  run_exports: {}
  size: 77856
  timestamp: 1781203599810
- conda: https://conda.anaconda.org/conda-forge/linux-64/libffi-3.5.2-h3435931_0.conda
  sha256: 31f19b6a88ce40ebc0d5a992c131f57d919f73c0b92cd1617a5bec83f6e961e6
  md5: a360c33a5abe61c07959e449fa1453eb
  depends:
  - __glibc >=2.17,<3.0.a0
  - libgcc >=14
  license: MIT
  license_family: MIT
  purls: []
  run_exports:
    weak:
    - libffi >=3.5.2,<3.6.0a0
  size: 58592
  timestamp: 1769456073053
- conda: https://conda.anaconda.org/conda-forge/linux-64/libgcc-15.2.0-he0feb66_19.conda
  sha256: 8e0a3b5e41272e5678499b5dfc4cddb673f9e935de01eb0767ce857001229f46
  md5: 57736f29cc2b0ec0b6c2952d3f101b6a
  depends:
  - __glibc >=2.17,<3.0.a0
  - _openmp_mutex >=4.5
  constrains:
  - libgcc-ng ==15.2.0=*_19
  - libgomp 15.2.0 he0feb66_19
  license: GPL-3.0-only WITH GCC-exception-3.1
  license_family: GPL
  purls: []
  run_exports: {}
  size: 1041084
  timestamp: 1778269013026
- conda: https://conda.anaconda.org/conda-forge/linux-64/libgomp-15.2.0-he0feb66_19.conda
  sha256: 5abe4ab9d93f6c9757d654f1969ae2267d4505315c1f2f8fe705fd60af084f1b
  md5: faac990cb7aedc7f3a2224f2c9b0c26c
  depends:
  - __glibc >=2.17,<3.0.a0
  license: GPL-3.0-only WITH GCC-exception-3.1
  license_family: GPL
  purls: []
  run_exports:
    strong:
    - _openmp_mutex >=4.5
  size: 603817
  timestamp: 1778268942614
- conda: https://conda.anaconda.org/conda-forge/linux-64/liblzma-5.8.3-hb03c661_0.conda
  sha256: ec30e52a3c1bf7d0425380a189d209a52baa03f22fb66dd3eb587acaa765bd6d
  md5: b88d90cad08e6bc8ad540cb310a761fb
  depends:
  - __glibc >=2.17,<3.0.a0
  - libgcc >=14
  constrains:
  - xz 5.8.3.*
  license: 0BSD
  purls: []
  run_exports:
    weak:
    - liblzma >=5.8.3,<6.0a0
  size: 113478
  timestamp: 1775825492909
- conda: https://conda.anaconda.org/conda-forge/linux-64/libmpdec-4.0.0-hb03c661_1.conda
  sha256: fe171ed5cf5959993d43ff72de7596e8ac2853e9021dec0344e583734f1e0843
  md5: 2c21e66f50753a083cbe6b80f38268fa
  depends:
  - __glibc >=2.17,<3.0.a0
  - libgcc >=14
  license: BSD-2-Clause
  license_family: BSD
  purls: []
  run_exports: {}
  size: 92400
  timestamp: 1769482286018
- conda: https://conda.anaconda.org/conda-forge/linux-64/libsqlite-3.53.2-h0c1763c_0.conda
  sha256: 1ab603b6ec93933e76027e1f23b21b22b858ba1b56f1e1695ef6fe5e80cb7358
  md5: 062b0ac602fb0adf250e3dfa86f221c4
  depends:
  - __glibc >=2.17,<3.0.a0
  - libgcc >=14
  - libzlib >=1.3.2,<2.0a0
  license: blessing
  purls: []
  run_exports:
    weak:
    - libsqlite >=3.53.2,<4.0a0
  size: 957849
  timestamp: 1780574429573
- conda: https://conda.anaconda.org/conda-forge/linux-64/libuuid-2.42.2-h5347b49_0.conda
  sha256: 9b1bdce27a7e31f7d241aeecff67a1f3101d52a2b1e33ccc2cdf2613072bf81f
  md5: 01bb81d12c957de066ea7362007df642
  depends:
  - libgcc >=14
  - __glibc >=2.17,<3.0.a0
  license: BSD-3-Clause
  license_family: BSD
  purls: []
  run_exports:
    weak:
    - libuuid >=2.42.2,<3.0a0
  size: 40017
  timestamp: 1781625522462
- conda: https://conda.anaconda.org/conda-forge/linux-64/libzlib-1.3.2-h25fd6f3_2.conda
  sha256: 55044c403570f0dc26e6364de4dc5368e5f3fc7ff103e867c487e2b5ab2bcda9
  md5: d87ff7921124eccd67248aa483c23fec
  depends:
  - __glibc >=2.17,<3.0.a0
  constrains:
  - zlib 1.3.2 *_2
  license: Zlib
  license_family: Other
  purls: []
  run_exports:
    weak:
    - libzlib >=1.3.2,<2.0a0
  size: 63629
  timestamp: 1774072609062
- conda: https://conda.anaconda.org/conda-forge/linux-64/ncurses-6.6-hdb14827_0.conda
  sha256: fc89f74bbe362fb29fa3c037697a89bec140b346a2469a90f7936d1d7ea4d8a3
  md5: fc21868a1a5aacc937e7a18747acb8a5
  depends:
  - __glibc >=2.17,<3.0.a0
  - libgcc >=14
  license: X11 AND BSD-3-Clause
  purls: []
  run_exports:
    weak:
    - ncurses >=6.6,<7.0a0
  size: 918956
  timestamp: 1777422145199
- conda: https://conda.anaconda.org/conda-forge/linux-64/openssl-3.6.3-h35e630c_0.conda
  sha256: d48f5c22b9897c01e4dff3680f1f57ceb02711ab9c62f74339b080419dfad34b
  md5: 79dd2074b5cd5c5c6b2930514a11e22d
  depends:
  - __glibc >=2.17,<3.0.a0
  - ca-certificates
  - libgcc >=14
  license: Apache-2.0
  license_family: Apache
  purls: []
  run_exports:
    weak:
    - openssl >=3.6.3,<4.0a0
  size: 3159683
  timestamp: 1781069855778
- conda: https://conda.anaconda.org/conda-forge/linux-64/python-3.14.6-habeac84_100_cp314.conda
  build_number: 100
  sha256: 6d28ac2b061179deb434d3d57afa98ffd20ec3c5d44ab8048a1ca33424b22d38
  md5: 0b9b2f83b5b600e1ac38becde8d0dd44
  depends:
  - __glibc >=2.17,<3.0.a0
  - bzip2 >=1.0.8,<2.0a0
  - ld_impl_linux-64 >=2.36.1
  - libexpat >=2.8.1,<3.0a0
  - libffi >=3.5.2,<3.6.0a0
  - libgcc >=14
  - liblzma >=5.8.3,<6.0a0
  - libmpdec >=4.0.0,<5.0a0
  - libsqlite >=3.53.2,<4.0a0
  - libuuid >=2.42.1,<3.0a0
  - libzlib >=1.3.2,<2.0a0
  - ncurses >=6.6,<7.0a0
  - openssl >=3.5.7,<4.0a0
  - python_abi 3.14.* *_cp314
  - readline >=8.3,<9.0a0
  - tk >=8.6.13,<8.7.0a0
  - tzdata
  - zstd >=1.5.7,<1.6.0a0
  license: Python-2.0
  purls: []
  run_exports:
    weak:
    - python_abi 3.14.* *_cp314
    noarch:
    - python
  size: 36717183
  timestamp: 1781255094700
  python_site_packages_path: lib/python3.14/site-packages
- conda: https://conda.anaconda.org/conda-forge/linux-64/readline-8.3-h853b02a_0.conda
  sha256: 12ffde5a6f958e285aa22c191ca01bbd3d6e710aa852e00618fa6ddc59149002
  md5: d7d95fc8287ea7bf33e0e7116d2b95ec
  depends:
  - __glibc >=2.17,<3.0.a0
  - libgcc >=14
  - ncurses >=6.5,<7.0a0
  license: GPL-3.0-only
  license_family: GPL
  purls: []
  run_exports:
    weak:
    - readline >=8.3,<9.0a0
  size: 345073
  timestamp: 1765813471974
- conda: https://conda.anaconda.org/conda-forge/linux-64/tk-8.6.13-noxft_h366c992_103.conda
  sha256: cafeec44494f842ffeca27e9c8b0c27ed714f93ac77ddadc6aaf726b5554ebac
  md5: cffd3bdd58090148f4cfcd831f4b26ab
  depends:
  - __glibc >=2.17,<3.0.a0
  - libgcc >=14
  - libzlib >=1.3.1,<2.0a0
  constrains:
  - xorg-libx11 >=1.8.12,<2.0a0
  license: TCL
  license_family: BSD
  purls: []
  run_exports:
    weak:
    - tk >=8.6.13,<8.7.0a0
  size: 3301196
  timestamp: 1769460227866
- conda: https://conda.anaconda.org/conda-forge/linux-64/zstd-1.5.7-hb78ec9c_6.conda
  sha256: 68f0206ca6e98fea941e5717cec780ed2873ffabc0e1ed34428c061e2c6268c7
  md5: 4a13eeac0b5c8e5b8ab496e6c4ddd829
  depends:
  - __glibc >=2.17,<3.0.a0
  - libzlib >=1.3.1,<2.0a0
  license: BSD-3-Clause
  license_family: BSD
  purls: []
  run_exports:
    weak:
    - zstd >=1.5.7,<1.6.0a0
  size: 601375
  timestamp: 1764777111296
- conda: https://conda.anaconda.org/conda-forge/noarch/ca-certificates-2026.6.17-hbd8a1cb_0.conda
  sha256: f8e3c730fa14ee3f170493779f06522c4acf89169f43db4f039727709b6419cf
  md5: a9965dd99f683c5f444428f896635716
  depends:
  - __unix
  license: ISC
  purls: []
  run_exports: {}
  size: 128866
  timestamp: 1781708962055
- conda: https://conda.anaconda.org/conda-forge/noarch/python_abi-3.14-8_cp314.conda
  build_number: 8
  sha256: ad6d2e9ac39751cc0529dd1566a26751a0bf2542adb0c232533d32e176e21db5
  md5: 0539938c55b6b1a59b560e843ad864a4
  constrains:
  - python 3.14.* *_cp314
  license: BSD-3-Clause
  license_family: BSD
  purls: []
  run_exports: {}
  size: 6989
  timestamp: 1752805904792
- conda: https://conda.anaconda.org/conda-forge/noarch/tzdata-2025c-hc9c84f9_1.conda
  sha256: 1d30098909076af33a35017eed6f2953af1c769e273a0626a04722ac4acaba3c
  md5: ad659d0a2b3e47e38d829aa8cad2d610
  license: LicenseRef-Public-Domain
  purls: []
  run_exports: {}
  size: 119135
  timestamp: 1767016325805
- pypi: https://files.pythonhosted.org/packages/1e/5e/d4e9f1a599fb8e573b7b87160658329fbf28d19eac2718f51fc3def3aa5a/idna-3.18-py3-none-any.whl
  name: idna
  version: '3.18'
  sha256: 7f952cbe720b688055e3f87de14f5c3e5fdaa8bc3928985c4077ca689de849a2
  requires_dist:
  - ruff>=0.6.2 ; extra == 'all'
  - mypy>=1.11.2 ; extra == 'all'
  - pytest>=8.3.2 ; extra == 'all'
  requires_python: '>=3.9'
- pypi: https://files.pythonhosted.org/packages/1f/fd/ac2161cce19fd67a18c269073f8e86292b5511acec6f8ef6eab88615d032/pykwalify-1.8.0-py2.py3-none-any.whl
  name: pykwalify
  version: 1.8.0
  sha256: 731dfa87338cca9f559d1fca2bdea37299116e3139b73f78ca90a543722d6651
  requires_dist:
  - docopt>=0.6.2
  - python-dateutil>=2.8.0
  - ruamel-yaml>=0.16.0
- pypi: https://files.pythonhosted.org/packages/23/88/0acd180010aaed4987c85700b7cc17f9505f3edb4e5873e4dc67f613e338/pyrsistent-0.20.0-py3-none-any.whl
  name: pyrsistent
  version: 0.20.0
  sha256: c55acc4733aad6560a7f5f818466631f07efc001fd023f34a6c203f8b6df0f0b
  requires_python: '>=3.8'
- pypi: https://files.pythonhosted.org/packages/42/ae/28c3d933b4343f61cc5d63748b53746e5d73b1f66c88e7a93477f22b8909/cffconvert-2.0.0-py3-none-any.whl
  name: cffconvert
  version: 2.0.0
  sha256: 573c825e4e16173d99396dc956bd22ff5d4f84215cc16b6ab05299124f5373bb
  requires_dist:
  - click>=7.0,<9
  - requests>=2.20,<3
  - ruamel-yaml>=0.16.0
  - pykwalify>=1.6
  - jsonschema>=3.0,<4
  - prospector[with-pyroma]>=1.4 ; extra == 'dev'
  - isort ; extra == 'dev'
  - pytest>=6 ; extra == 'dev'
  - pytest-cov ; extra == 'dev'
  - flask ; extra == 'gcloud'
  - twine ; extra == 'publishing'
  - wheel ; extra == 'publishing'
- pypi: https://files.pythonhosted.org/packages/47/5c/032c2d5a07fe4d4855fea851209cca2b6f03ebeb6d4e3afdb3358386a684/charset_normalizer-3.4.7-cp314-cp314-manylinux2014_x86_64.manylinux_2_17_x86_64.manylinux_2_28_x86_64.whl
  name: charset-normalizer
  version: 3.4.7
  sha256: bd6c2a1c7573c64738d716488d2cdd3c00e340e4835707d8fdb8dc1a66ef164e
  requires_python: '>=3.7'
- pypi: https://files.pythonhosted.org/packages/48/ca/36339329c4604adbcc99c899b7eb1ce1a555c499b6a6860757dc9bfed36d/narwhals-2.22.1-py3-none-any.whl
  name: narwhals
  version: 2.22.1
  sha256: 60567d774edf77db53906f89d9fbd164e66e56d66d388e1e6990f17ac33cfb53
  requires_dist:
  - cudf-cu12>=24.10.0 ; sys_platform == 'linux' and extra == 'cudf'
  - dask[dataframe]>=2024.8 ; extra == 'dask'
  - duckdb>=1.1 ; extra == 'duckdb'
  - ibis-framework>=6.0.0 ; extra == 'ibis'
  - rich>=12.4.4 ; extra == 'ibis'
  - packaging>=21.3 ; extra == 'ibis'
  - pyarrow-hotfix>=0.7 ; extra == 'ibis'
  - modin>=0.22.0 ; extra == 'modin'
  - pandas>=1.3.4 ; extra == 'pandas'
  - polars>=0.20.4 ; extra == 'polars'
  - pyarrow>=13.0.0 ; extra == 'pyarrow'
  - pyspark>=3.5.0 ; extra == 'pyspark'
  - pyspark[connect]>=3.5.0 ; extra == 'pyspark-connect'
  - narwhals[duckdb] ; extra == 'sql'
  - sqlparse>=0.5.5 ; extra == 'sql'
  - sqlframe>=3.22.0,!=3.39.3 ; extra == 'sqlframe'
  requires_python: '>=3.10'
- pypi: https://files.pythonhosted.org/packages/58/3b/1cdec6772bdbaf7b25dab360c59f03cadf05492dd724c6540af905389b07/pandas-3.0.3-cp314-cp314-manylinux_2_24_x86_64.manylinux_2_28_x86_64.whl
  name: pandas
  version: 3.0.3
  sha256: 9d71c63ae4ebdbf70209742096f1fc46a83a0613c99d4b23766cced9ff8cd62a
  requires_dist:
  - numpy>=1.26.0 ; python_full_version < '3.14'
  - numpy>=2.3.3 ; python_full_version >= '3.14'
  - python-dateutil>=2.8.2
  - tzdata ; sys_platform == 'win32'
  - tzdata ; sys_platform == 'emscripten'
  - hypothesis>=6.116.0 ; extra == 'test'
  - pytest>=8.3.4 ; extra == 'test'
  - pytest-xdist>=3.6.1 ; extra == 'test'
  - pyarrow>=13.0.0 ; extra == 'pyarrow'
  - bottleneck>=1.4.2 ; extra == 'performance'
  - numba>=0.60.0 ; extra == 'performance'
  - numexpr>=2.10.2 ; extra == 'performance'
  - scipy>=1.14.1 ; extra == 'computation'
  - xarray>=2024.10.0 ; extra == 'computation'
  - fsspec>=2024.10.0 ; extra == 'fss'
  - s3fs>=2024.10.0 ; extra == 'aws'
  - gcsfs>=2024.10.0 ; extra == 'gcp'
  - odfpy>=1.4.1 ; extra == 'excel'
  - openpyxl>=3.1.5 ; extra == 'excel'
  - python-calamine>=0.3.0 ; extra == 'excel'
  - pyxlsb>=1.0.10 ; extra == 'excel'
  - xlrd>=2.0.1 ; extra == 'excel'
  - xlsxwriter>=3.2.0 ; extra == 'excel'
  - pyarrow>=13.0.0 ; extra == 'parquet'
  - pyarrow>=13.0.0 ; extra == 'feather'
  - pyiceberg>=0.8.1 ; extra == 'iceberg'
  - tables>=3.10.1 ; extra == 'hdf5'
  - pyreadstat>=1.2.8 ; extra == 'spss'
  - sqlalchemy>=2.0.36 ; extra == 'postgresql'
  - psycopg2>=2.9.10 ; extra == 'postgresql'
  - adbc-driver-postgresql>=1.2.0 ; extra == 'postgresql'
  - sqlalchemy>=2.0.36 ; extra == 'mysql'
  - pymysql>=1.1.1 ; extra == 'mysql'
  - sqlalchemy>=2.0.36 ; extra == 'sql-other'
  - adbc-driver-postgresql>=1.2.0 ; extra == 'sql-other'
  - adbc-driver-sqlite>=1.2.0 ; extra == 'sql-other'
  - beautifulsoup4>=4.12.3 ; extra == 'html'
  - html5lib>=1.1 ; extra == 'html'
  - lxml>=5.3.0 ; extra == 'html'
  - lxml>=5.3.0 ; extra == 'xml'
  - matplotlib>=3.9.3 ; extra == 'plot'
  - jinja2>=3.1.5 ; extra == 'output-formatting'
  - tabulate>=0.9.0 ; extra == 'output-formatting'
  - pyqt5>=5.15.9 ; extra == 'clipboard'
  - qtpy>=2.4.2 ; extra == 'clipboard'
  - zstandard>=0.23.0 ; extra == 'compression'
  - pytz>=2020.1 ; extra == 'timezone'
  - adbc-driver-postgresql>=1.2.0 ; extra == 'all'
  - adbc-driver-sqlite>=1.2.0 ; extra == 'all'
  - beautifulsoup4>=4.12.3 ; extra == 'all'
  - bottleneck>=1.4.2 ; extra == 'all'
  - fastparquet>=2024.11.0 ; extra == 'all'
  - fsspec>=2024.10.0 ; extra == 'all'
  - gcsfs>=2024.10.0 ; extra == 'all'
  - html5lib>=1.1 ; extra == 'all'
  - hypothesis>=6.116.0 ; extra == 'all'
  - jinja2>=3.1.5 ; extra == 'all'
  - lxml>=5.3.0 ; extra == 'all'
  - matplotlib>=3.9.3 ; extra == 'all'
  - numba>=0.60.0 ; extra == 'all'
  - numexpr>=2.10.2 ; extra == 'all'
  - odfpy>=1.4.1 ; extra == 'all'
  - openpyxl>=3.1.5 ; extra == 'all'
  - psycopg2>=2.9.10 ; extra == 'all'
  - pyarrow>=13.0.0 ; extra == 'all'
  - pyiceberg>=0.8.1 ; extra == 'all'
  - pymysql>=1.1.1 ; extra == 'all'
  - pyqt5>=5.15.9 ; extra == 'all'
  - pyreadstat>=1.2.8 ; extra == 'all'
  - pytest>=8.3.4 ; extra == 'all'
  - pytest-xdist>=3.6.1 ; extra == 'all'
  - python-calamine>=0.3.0 ; extra == 'all'
  - pytz>=2020.1 ; extra == 'all'
  - pyxlsb>=1.0.10 ; extra == 'all'
  - qtpy>=2.4.2 ; extra == 'all'
  - scipy>=1.14.1 ; extra == 'all'
  - s3fs>=2024.10.0 ; extra == 'all'
  - sqlalchemy>=2.0.36 ; extra == 'all'
  - tables>=3.10.1 ; extra == 'all'
  - tabulate>=0.9.0 ; extra == 'all'
  - xarray>=2024.10.0 ; extra == 'all'
  - xlrd>=2.0.1 ; extra == 'all'
  - xlsxwriter>=3.2.0 ; extra == 'all'
  - zstandard>=0.23.0 ; extra == 'all'
  requires_python: '>=3.11'
- pypi: https://files.pythonhosted.org/packages/64/b4/17d4b0b2a2dc85a6df63d1157e028ed19f90d4cd97c36717afef2bc2f395/attrs-26.1.0-py3-none-any.whl
  name: attrs
  version: 26.1.0
  sha256: c647aa4a12dfbad9333ca4e71fe62ddc36f4e63b2d260a37a8b83d2f043ac309
  requires_python: '>=3.9'
- pypi: https://files.pythonhosted.org/packages/7f/3e/5db95bcf282c52709639744ca2a8b149baccf648e39c8cc87553df9eae0c/urllib3-2.7.0-py3-none-any.whl
  name: urllib3
  version: 2.7.0
  sha256: 9fb4c81ebbb1ce9531cce37674bbc6f1360472bc18ca9a553ede278ef7276897
  requires_dist:
  - brotli>=1.2.0 ; platform_python_implementation == 'CPython' and extra == 'brotli'
  - brotlicffi>=1.2.0.0 ; platform_python_implementation != 'CPython' and extra == 'brotli'
  - h2>=4,<5 ; extra == 'h2'
  - pysocks>=1.5.6,!=1.5.7,<2.0 ; extra == 'socks'
  - backports-zstd>=1.0.0 ; python_full_version < '3.14' and extra == 'zstd'
  requires_python: '>=3.10'
- pypi: https://files.pythonhosted.org/packages/7f/c4/bc41eb19b0fd0db868f4132920879019318d80cc522ad8f2bca4611af808/scipy-1.18.0-cp314-cp314-manylinux_2_27_x86_64.manylinux_2_28_x86_64.whl
  name: scipy
  version: 1.18.0
  sha256: 8ca01e8ae69f1b18e9a58d91afead31be3cef0dd905a10249dac559ee15460a0
  requires_dist:
  - numpy>=2.0.0,<2.8
  - pytest>=8.0.0 ; extra == 'test'
  - pytest-cov ; extra == 'test'
  - pytest-timeout ; extra == 'test'
  - pytest-xdist ; extra == 'test'
  - asv ; extra == 'test'
  - mpmath ; extra == 'test'
  - gmpy2 ; extra == 'test'
  - threadpoolctl ; extra == 'test'
  - scikit-umfpack ; extra == 'test'
  - pooch ; extra == 'test'
  - hypothesis>=6.30 ; extra == 'test'
  - array-api-strict>=2.3.1 ; extra == 'test'
  - cython ; extra == 'test'
  - meson ; extra == 'test'
  - ninja ; sys_platform != 'emscripten' and extra == 'test'
  - scipy-doctest>=2.0.0 ; extra == 'test'
  - sphinx>=5.0.0,<8.2.0 ; extra == 'doc'
  - intersphinx-registry ; extra == 'doc'
  - pydata-sphinx-theme>=0.15.2 ; extra == 'doc'
  - sphinx-copybutton ; extra == 'doc'
  - sphinx-design>=0.4.0 ; extra == 'doc'
  - matplotlib>=3.5 ; extra == 'doc'
  - numpydoc ; extra == 'doc'
  - jupytext ; extra == 'doc'
  - myst-nb>=1.2.0 ; extra == 'doc'
  - pooch ; extra == 'doc'
  - jupyterlite-sphinx>=0.19.1 ; extra == 'doc'
  - jupyterlite-pyodide-kernel ; extra == 'doc'
  - linkify-it-py ; extra == 'doc'
  - tabulate ; extra == 'doc'
  - click<8.3.0 ; extra == 'dev'
  - spin ; extra == 'dev'
  - mypy==1.19.1 ; extra == 'dev'
  - pyrefly==0.63.0 ; extra == 'dev'
  - typing-extensions ; extra == 'dev'
  - types-psutil ; extra == 'dev'
  - pycodestyle ; extra == 'dev'
  - ruff>=0.12.0 ; extra == 'dev'
  - cython-lint>=0.12.2 ; extra == 'dev'
  requires_python: '>=3.12'
- pypi: https://files.pythonhosted.org/packages/9d/76/f789f7a86709c6b087c5a2f52f911838cad707cc613162401badc665acfe/setuptools-82.0.1-py3-none-any.whl
  name: setuptools
  version: 82.0.1
  sha256: a59e362652f08dcd477c78bb6e7bd9d80a7995bc73ce773050228a348ce2e5bb
  requires_dist:
  - pytest>=6,!=8.1.* ; extra == 'test'
  - virtualenv>=13.0.0 ; extra == 'test'
  - wheel>=0.44.0 ; extra == 'test'
  - pip>=19.1 ; extra == 'test'
  - packaging>=24.2 ; extra == 'test'
  - jaraco-envs>=2.2 ; extra == 'test'
  - pytest-xdist>=3 ; extra == 'test'
  - jaraco-path>=3.7.2 ; extra == 'test'
  - build[virtualenv]>=1.0.3 ; extra == 'test'
  - filelock>=3.4.0 ; extra == 'test'
  - ini2toml[lite]>=0.14 ; extra == 'test'
  - tomli-w>=1.0.0 ; extra == 'test'
  - pytest-timeout ; extra == 'test'
  - pytest-perf ; sys_platform != 'cygwin' and extra == 'test'
  - jaraco-develop>=7.21 ; python_full_version >= '3.9' and sys_platform != 'cygwin' and extra == 'test'
  - pytest-home>=0.5 ; extra == 'test'
  - pytest-subprocess ; extra == 'test'
  - pyproject-hooks!=1.1 ; extra == 'test'
  - jaraco-test>=5.5 ; extra == 'test'
  - sphinx>=3.5 ; extra == 'doc'
  - jaraco-packaging>=9.3 ; extra == 'doc'
  - rst-linker>=1.9 ; extra == 'doc'
  - furo ; extra == 'doc'
  - sphinx-lint ; extra == 'doc'
  - jaraco-tidelift>=1.4 ; extra == 'doc'
  - pygments-github-lexers==0.0.5 ; extra == 'doc'
  - sphinx-favicon ; extra == 'doc'
  - sphinx-inline-tabs ; extra == 'doc'
  - sphinx-reredirects ; extra == 'doc'
  - sphinxcontrib-towncrier ; extra == 'doc'
  - sphinx-notfound-page>=1,<2 ; extra == 'doc'
  - pyproject-hooks!=1.1 ; extra == 'doc'
  - towncrier<24.7 ; extra == 'doc'
  - packaging>=24.2 ; extra == 'core'
  - more-itertools>=8.8 ; extra == 'core'
  - jaraco-text>=3.7 ; extra == 'core'
  - importlib-metadata>=6 ; python_full_version < '3.10' and extra == 'core'
  - tomli>=2.0.1 ; python_full_version < '3.11' and extra == 'core'
  - wheel>=0.43.0 ; extra == 'core'
  - jaraco-functools>=4 ; extra == 'core'
  - more-itertools ; extra == 'core'
  - pytest-checkdocs>=2.4 ; extra == 'check'
  - pytest-ruff>=0.2.1 ; sys_platform != 'cygwin' and extra == 'check'
  - ruff>=0.13.0 ; sys_platform != 'cygwin' and extra == 'check'
  - pytest-cov ; extra == 'cover'
  - pytest-enabler>=2.2 ; extra == 'enabler'
  - pytest-mypy ; extra == 'type'
  - mypy==1.18.* ; extra == 'type'
  - importlib-metadata>=7.0.2 ; python_full_version < '3.10' and extra == 'type'
  - jaraco-develop>=7.21 ; sys_platform != 'cygwin' and extra == 'type'
  requires_python: '>=3.9'
- pypi: https://files.pythonhosted.org/packages/a0/5e/2a902317d7fc4aa93236e80c932662dadfc459b323d758329e01775125e1/numpy-2.5.0-cp314-cp314-manylinux_2_27_x86_64.manylinux_2_28_x86_64.whl
  name: numpy
  version: 2.5.0
  sha256: 39a0433bd4086ebd462960cf375e19195bb07b53dc1d87dd5fcf47ad78576f03
  requires_python: '>=3.12'
- pypi: https://files.pythonhosted.org/packages/a0/f4/c67b0b3f1b9245e8d266f0f112c500d50e5b4e83cb6f3b71b6528104182a/requests-2.34.2-py3-none-any.whl
  name: requests
  version: 2.34.2
  sha256: 2a0d60c172f83ac6ab31e4554906c0f3b3588d37b5cb939b1c061f4907e278e0
  requires_dist:
  - charset-normalizer>=2,<4
  - idna>=2.5,<4
  - urllib3>=1.26,<3
  - certifi>=2023.5.7
  - pysocks>=1.5.6,!=1.5.7 ; extra == 'socks'
  - chardet>=3.0.2,<8 ; extra == 'use-chardet-on-py3'
  requires_python: '>=3.10'
- pypi: https://files.pythonhosted.org/packages/a2/55/8f8cab2afd404cf578136ef2cc5dfb50baa1761b68c9da1fb1e4eed343c9/docopt-0.6.2.tar.gz
  name: docopt
  version: 0.6.2
  sha256: 49b3a825280bd66b3aa83585ef59c4a8c82f2c8a522dbe754a8bc8d08c85c491
- pypi: https://files.pythonhosted.org/packages/ad/22/eb6ae7468ba673fcb891ff3142e13ffa18f6a43183e6dd8f224b2b4321d3/itables-2.8.1-py3-none-any.whl
  name: itables
  version: 2.8.1
  sha256: 262e3908771af90634546fe4a5ed63e0d442a6957efbcdcd2ae5cad4845b76e3
  requires_dist:
  - anywidget ; extra == 'all'
  - dash ; extra == 'all'
  - ipython ; extra == 'all'
  - marimo ; extra == 'all'
  - matplotlib ; extra == 'all'
  - modin[dask] ; extra == 'all'
  - narwhals ; extra == 'all'
  - pandas ; extra == 'all'
  - platformdirs ; extra == 'all'
  - polars ; extra == 'all'
  - pyarrow ; extra == 'all'
  - pytz ; extra == 'all'
  - shiny ; extra == 'all'
  - shinywidgets ; extra == 'all'
  - streamlit ; extra == 'all'
  - tomli ; python_full_version < '3.11' and extra == 'all'
  - traitlets ; extra == 'all'
  - typeguard>=4.4.1 ; extra == 'all'
  - typing-extensions ; extra == 'all'
  - typing-extensions ; python_full_version < '3.11' and extra == 'all'
  - world-bank-data ; extra == 'all'
  - typeguard>=4.4.1 ; extra == 'check-type'
  - platformdirs ; extra == 'config'
  - tomli ; python_full_version < '3.11' and extra == 'config'
  - dash ; extra == 'dash'
  - typing-extensions ; extra == 'dash'
  - anywidget ; extra == 'dev'
  - dash ; extra == 'dev'
  - ipykernel ; extra == 'dev'
  - ipython ; extra == 'dev'
  - jupyterlab ; extra == 'dev'
  - jupytext ; extra == 'dev'
  - marimo ; extra == 'dev'
  - matplotlib ; extra == 'dev'
  - modin[dask] ; extra == 'dev'
  - narwhals ; extra == 'dev'
  - nbconvert ; extra == 'dev'
  - pandas ; extra == 'dev'
  - pandas-stubs ; extra == 'dev'
  - platformdirs ; extra == 'dev'
  - polars ; extra == 'dev'
  - pyarrow ; extra == 'dev'
  - pyright ; extra == 'dev'
  - pytest ; extra == 'dev'
  - pytest-cov ; extra == 'dev'
  - pytest-xdist ; extra == 'dev'
  - pytz ; extra == 'dev'
  - requests ; extra == 'dev'
  - shiny ; extra == 'dev'
  - shinywidgets ; extra == 'dev'
  - streamlit ; extra == 'dev'
  - tomli ; python_full_version < '3.11' and extra == 'dev'
  - traitlets ; extra == 'dev'
  - typeguard>=4.4.1 ; extra == 'dev'
  - typing-extensions ; extra == 'dev'
  - typing-extensions ; python_full_version < '3.11' and extra == 'dev'
  - watchfiles ; extra == 'dev'
  - world-bank-data ; extra == 'dev'
  - marimo ; extra == 'marimo'
  - narwhals ; extra == 'narwhals'
  - ipython ; extra == 'notebook'
  - modin[dask] ; extra == 'other-dataframes'
  - narwhals ; extra == 'other-dataframes'
  - pyarrow ; extra == 'other-dataframes'
  - pandas ; extra == 'pandas'
  - polars ; extra == 'polars'
  - pytz ; extra == 'samples'
  - world-bank-data ; extra == 'samples'
  - shiny ; extra == 'shiny'
  - shinywidgets ; extra == 'shiny'
  - streamlit ; extra == 'streamlit'
  - matplotlib ; extra == 'style'
  - pandas ; extra == 'style'
  - anywidget ; extra == 'test-all'
  - dash ; extra == 'test-all'
  - ipykernel ; extra == 'test-all'
  - ipython ; extra == 'test-all'
  - jupytext ; extra == 'test-all'
  - marimo ; extra == 'test-all'
  - matplotlib ; extra == 'test-all'
  - modin[dask] ; extra == 'test-all'
  - narwhals ; extra == 'test-all'
  - nbconvert ; extra == 'test-all'
  - pandas ; extra == 'test-all'
  - platformdirs ; extra == 'test-all'
  - polars ; extra == 'test-all'
  - pyarrow ; extra == 'test-all'
  - pytest ; extra == 'test-all'
  - pytest-cov ; extra == 'test-all'
  - pytest-xdist ; extra == 'test-all'
  - pytz ; extra == 'test-all'
  - requests ; extra == 'test-all'
  - shiny ; extra == 'test-all'
  - shinywidgets ; extra == 'test-all'
  - streamlit ; extra == 'test-all'
  - tomli ; python_full_version < '3.11' and extra == 'test-all'
  - traitlets ; extra == 'test-all'
  - typeguard>=4.4.1 ; extra == 'test-all'
  - typing-extensions ; extra == 'test-all'
  - typing-extensions ; python_full_version < '3.11' and extra == 'test-all'
  - world-bank-data ; extra == 'test-all'
  - pytest ; extra == 'test-base'
  - pytest-cov ; extra == 'test-base'
  - pytest-xdist ; extra == 'test-base'
  - dash ; extra == 'test-dash'
  - pytest ; extra == 'test-dash'
  - pytest-cov ; extra == 'test-dash'
  - pytest-xdist ; extra == 'test-dash'
  - typing-extensions ; extra == 'test-dash'
  - anywidget ; extra == 'test-notebook'
  - ipykernel ; extra == 'test-notebook'
  - ipython ; extra == 'test-notebook'
  - jupytext ; extra == 'test-notebook'
  - nbconvert ; extra == 'test-notebook'
  - pytest ; extra == 'test-notebook'
  - pytest-cov ; extra == 'test-notebook'
  - pytest-xdist ; extra == 'test-notebook'
  - requests ; extra == 'test-notebook'
  - traitlets ; extra == 'test-notebook'
  - typing-extensions ; python_full_version < '3.11' and extra == 'typing'
  - anywidget ; extra == 'widget'
  - traitlets ; extra == 'widget'
  requires_python: '>=3.9'
- pypi: https://files.pythonhosted.org/packages/b7/ce/149a00dd41f10bc29e5921b496af8b574d8413afcd5e30dfa0ed46c2cc5e/six-1.17.0-py2.py3-none-any.whl
  name: six
  version: 1.17.0
  sha256: 4721f391ed90541fddacab5acf947aa0d3dc7d27b2e1e8eda2be8970586c3274
  requires_python: '>=2.7,!=3.0.*,!=3.1.*,!=3.2.*'
- pypi: https://files.pythonhosted.org/packages/b8/0c/51f6841f1d84f404f92463fc2b1ba0da357ca1e3db6b7fbda26956c3b82a/ruamel_yaml-0.19.1-py3-none-any.whl
  name: ruamel-yaml
  version: 0.19.1
  sha256: 27592957fedf6e0b62f281e96effd28043345e0e66001f97683aa9a40c667c93
  requires_dist:
  - ruamel-yaml-clib ; platform_python_implementation == 'CPython' and extra == 'oldlibyaml'
  - ruamel-yaml-clibz>=0.3.7 ; platform_python_implementation == 'CPython' and extra == 'libyaml'
  - ruamel-yaml-jinja2>=0.2 ; extra == 'jinja2'
  - ryd ; extra == 'docs'
  - mercurial>5.7 ; extra == 'docs'
  requires_python: '>=3.9'
- pypi: https://files.pythonhosted.org/packages/c5/8f/51e89ce52a085483359217bc72cdbf6e75ee595d5b1d4b5ade40c7e018b8/jsonschema-3.2.0-py2.py3-none-any.whl
  name: jsonschema
  version: 3.2.0
  sha256: 4e5b3cf8216f577bee9ce139cbe72eca3ea4f292ec60928ff24758ce626cd163
  requires_dist:
  - attrs>=17.4.0
  - pyrsistent>=0.14.0
  - setuptools
  - six>=1.11.0
  - functools32 ; python_full_version < '3'
  - importlib-metadata ; python_full_version < '3.8'
  - idna ; extra == 'format'
  - jsonpointer>1.13 ; extra == 'format'
  - rfc3987 ; extra == 'format'
  - strict-rfc3339 ; extra == 'format'
  - webcolors ; extra == 'format'
  - idna ; extra == 'format-nongpl'
  - jsonpointer>1.13 ; extra == 'format-nongpl'
  - webcolors ; extra == 'format-nongpl'
  - rfc3986-validator>0.1.0 ; extra == 'format-nongpl'
  - rfc3339-validator ; extra == 'format-nongpl'
- pypi: https://files.pythonhosted.org/packages/df/b2/87e62e8c3e2f4b32e5fe99e0b86d576da1312593b39f47d8ceef365e95ed/packaging-26.2-py3-none-any.whl
  name: packaging
  version: '26.2'
  sha256: 5fc45236b9446107ff2415ce77c807cee2862cb6fac22b8a73826d0693b0980e
  requires_python: '>=3.8'
- pypi: https://files.pythonhosted.org/packages/ec/57/56b9bcc3c9c6a792fcbaf139543cee77261f3651ca9da0c93f5c1221264b/python_dateutil-2.9.0.post0-py2.py3-none-any.whl
  name: python-dateutil
  version: 2.9.0.post0
  sha256: a8b2bc7bffae282281c8140a97d3aa9c14da0b136dfe83f850eea9a5f7470427
  requires_dist:
  - six>=1.5
  requires_python: '>=2.7,!=3.0.*,!=3.1.*,!=3.2.*'
- pypi: https://files.pythonhosted.org/packages/ef/2f/c5464532e965badff2f4c4c1a3a83f5697f0d7c407ed0cda44aaa99bb451/certifi-2026.6.17-py3-none-any.whl
  name: certifi
  version: 2026.6.17
  sha256: 2227dcbaafe0d2f59279d1762ddddc37783ed4354594f194ffc31d20f41fc3db
  requires_python: '>=3.7'
- pypi: https://files.pythonhosted.org/packages/f9/14/abe5ce876ab5b66ee3c691bf537fcd43d037aea55d447aacf74630a8f31e/plotly-6.8.0-py3-none-any.whl
  name: plotly
  version: 6.8.0
  sha256: 13c5c4a0f70b74cab1913eda0de49b826df5931708eb6f9c3010040614700ec8
  requires_dist:
  - narwhals>=1.15.1
  - packaging
  - anywidget ; extra == 'dev'
  - build ; extra == 'dev'
  - colorcet ; extra == 'dev'
  - fiona<=1.9.6 ; python_full_version < '3.9' and extra == 'dev'
  - geopandas ; extra == 'dev'
  - inflect ; extra == 'dev'
  - jupyterlab ; extra == 'dev'
  - kaleido>=1.3.0 ; extra == 'dev'
  - numpy>=1.22 ; extra == 'dev'
  - orjson ; extra == 'dev'
  - pandas ; extra == 'dev'
  - pdfrw ; extra == 'dev'
  - pillow ; extra == 'dev'
  - plotly-geo ; extra == 'dev'
  - polars[timezone] ; extra == 'dev'
  - pyarrow ; extra == 'dev'
  - pyshp ; extra == 'dev'
  - pytest ; extra == 'dev'
  - pytz ; extra == 'dev'
  - requests ; extra == 'dev'
  - ruff==0.11.12 ; extra == 'dev'
  - scikit-image ; extra == 'dev'
  - scipy ; extra == 'dev'
  - shapely ; extra == 'dev'
  - statsmodels ; extra == 'dev'
  - vaex ; python_full_version < '3.10' and extra == 'dev'
  - xarray ; extra == 'dev'
  - build ; extra == 'dev-build'
  - jupyterlab ; extra == 'dev-build'
  - pytest ; extra == 'dev-build'
  - requests ; extra == 'dev-build'
  - ruff==0.11.12 ; extra == 'dev-build'
  - pytest ; extra == 'dev-core'
  - requests ; extra == 'dev-core'
  - ruff==0.11.12 ; extra == 'dev-core'
  - anywidget ; extra == 'dev-optional'
  - build ; extra == 'dev-optional'
  - colorcet ; extra == 'dev-optional'
  - fiona<=1.9.6 ; python_full_version < '3.9' and extra == 'dev-optional'
  - geopandas ; extra == 'dev-optional'
  - inflect ; extra == 'dev-optional'
  - jupyterlab ; extra == 'dev-optional'
  - kaleido>=1.3.0 ; extra == 'dev-optional'
  - numpy>=1.22 ; extra == 'dev-optional'
  - orjson ; extra == 'dev-optional'
  - pandas ; extra == 'dev-optional'
  - pdfrw ; extra == 'dev-optional'
  - pillow ; extra == 'dev-optional'
  - plotly-geo ; extra == 'dev-optional'
  - polars[timezone] ; extra == 'dev-optional'
  - pyarrow ; extra == 'dev-optional'
  - pyshp ; extra == 'dev-optional'
  - pytest ; extra == 'dev-optional'
  - pytz ; extra == 'dev-optional'
  - requests ; extra == 'dev-optional'
  - ruff==0.11.12 ; extra == 'dev-optional'
  - scikit-image ; extra == 'dev-optional'
  - scipy ; extra == 'dev-optional'
  - shapely ; extra == 'dev-optional'
  - statsmodels ; extra == 'dev-optional'
  - vaex ; python_full_version < '3.10' and extra == 'dev-optional'
  - xarray ; extra == 'dev-optional'
  - numpy>=1,<2 ; extra == 'dev-pandas1'
  - pandas>=1,<2 ; extra == 'dev-pandas1'
  - setuptools<82 ; extra == 'dev-pandas1'
  - pandas>=2,<3 ; extra == 'dev-pandas2'
  - pandas>=3 ; python_full_version >= '3.11' and extra == 'dev-pandas3'
  - numpy>=1.22 ; extra == 'express'
  - kaleido>=1.3.0 ; extra == 'kaleido'
  requires_python: '>=3.8'
- pypi: https://files.pythonhosted.org/packages/fb/e2/79c688af8b210d232694e31e59da9f6ec747bae31c3f5946e4e9b98860d5/click-8.4.2-py3-none-any.whl
  name: click
  version: 8.4.2
  sha256: e6f9f66136c816745b9d65817da91d61d957fb16e02e4dcd0552553c5a197b76
  requires_dist:
  - colorama ; sys_platform == 'win32'
  requires_python: '>=3.10'
